hash: 936aac57bcf9cbb5f787e7ad6ee601839c3af333a2ff620d34321192f24c0c42
updated: 2017-05-31T07:42:10.061435949+09:00
imports:
- name: github.com/didip/tollbooth
  version: de229036b78daed1a011b643519bde8d12f36411
  subpackages:
  - config
  - errors
  - libstring
- name: github.com/iotaledger/giota
  version: 4eefd3607d0e6147ea3db1c294490dfb6aa86cda
  subpackages:
  - cl
- name: github.com/natefinch/lumberjack
  version: dd45e6a67c53f673bb49ca8a001fd3a63ceb640e
  vcs: git
- name: golang.org/x/net
  version: f315505cf3349909cdf013ea56690da34e96a451
  subpackages:
  - context
- name: golang.org/x/time
  version: f51c12702a4d776e4c1fa9b0fabab841babae631
  subpackages:
  - rate
testImports: []
